
Microsoft Visual Studio Solution File, Format Version 12.00
# Visual Studio Version 17
VisualStudioVersion = 17.9.34714.143
MinimumVisualStudioVersion = 10.0.40219.1
Project("{FAE04EC0-301F-11D3-BF4B-00C04F79EFBC}") = "GitDemo", "GitDemo.csproj", "{B01AD24B-4231-4807-BB3F-487356F0BC88}"
EndProject
Global
	GlobalSection(SolutionConfigurationPlatforms) = preSolution
		Debug|Any CPU = Debug|Any CPU
		Release|Any CPU = Release|Any CPU
	EndGlobalSection
	GlobalSection(ProjectConfigurationPlatforms) = postSolution
		{B01AD24B-4231-4807-BB3F-487356F0BC88}.Debug|Any CPU.ActiveCfg = Debug|Any CPU
		{B01AD24B-4231-4807-BB3F-487356F0BC88}.Debug|Any CPU.Build.0 = Debug|Any CPU
		{B01AD24B-4231-4807-BB3F-487356F0BC88}.Release|Any CPU.ActiveCfg = Release|Any CPU
		{B01AD24B-4231-4807-BB3F-487356F0BC88}.Release|Any CPU.Build.0 = Release|Any CPU
	EndGlobalSection
	GlobalSection(SolutionProperties) = preSolution
		HideSolutionNode = FALSE
	EndGlobalSection
	GlobalSection(ExtensibilityGlobals) = postSolution
		SolutionGuid = {18F87984-3E2B-4146-B8DF-BB4DA7244D65}
	EndGlobalSection
EndGlobal
